
Microsoft Visual Studio Solution File, Format Version 12.00
# Visual Studio 2015
Project("{FAE04EC0-301F-11D3-BF4B-00C04F79EFBC}") = "RhythmTests.CSharp.Plugins", "RhythmTests.CSharp.Plugins.csproj", "{579D5651-16B2-8139-2CD8-09E54FE7F7EC}"
EndProject
Project("{FAE04EC0-301F-11D3-BF4B-00C04F79EFBC}") = "RhythmTests.CSharp", "RhythmTests.CSharp.csproj", "{08773574-24A3-A059-99EC-842964B589B9}"
EndProject
Project("{FAE04EC0-301F-11D3-BF4B-00C04F79EFBC}") = "RhythmTests.CSharp.Editor", "RhythmTests.CSharp.Editor.csproj", "{A6159BB2-1BDF-13DB-AF4A-739B312E25E1}"
EndProject
Global
	GlobalSection(SolutionConfigurationPlatforms) = preSolution
		Debug|Any CPU = Debug|Any CPU
		Release|Any CPU = Release|Any CPU
	EndGlobalSection
	GlobalSection(ProjectConfigurationPlatforms) = postSolution
		{579D5651-16B2-8139-2CD8-09E54FE7F7EC}.Debug|Any CPU.ActiveCfg = Debug|Any CPU
		{579D5651-16B2-8139-2CD8-09E54FE7F7EC}.Debug|Any CPU.Build.0 = Debug|Any CPU
		{579D5651-16B2-8139-2CD8-09E54FE7F7EC}.Release|Any CPU.ActiveCfg = Release|Any CPU
		{579D5651-16B2-8139-2CD8-09E54FE7F7EC}.Release|Any CPU.Build.0 = Release|Any CPU
		{08773574-24A3-A059-99EC-842964B589B9}.Debug|Any CPU.ActiveCfg = Debug|Any CPU
		{08773574-24A3-A059-99EC-842964B589B9}.Debug|Any CPU.Build.0 = Debug|Any CPU
		{08773574-24A3-A059-99EC-842964B589B9}.Release|Any CPU.ActiveCfg = Release|Any CPU
		{08773574-24A3-A059-99EC-842964B589B9}.Release|Any CPU.Build.0 = Release|Any CPU
		{A6159BB2-1BDF-13DB-AF4A-739B312E25E1}.Debug|Any CPU.ActiveCfg = Debug|Any CPU
		{A6159BB2-1BDF-13DB-AF4A-739B312E25E1}.Debug|Any CPU.Build.0 = Debug|Any CPU
		{A6159BB2-1BDF-13DB-AF4A-739B312E25E1}.Release|Any CPU.ActiveCfg = Release|Any CPU
		{A6159BB2-1BDF-13DB-AF4A-739B312E25E1}.Release|Any CPU.Build.0 = Release|Any CPU
	EndGlobalSection
	GlobalSection(SolutionProperties) = preSolution
		HideSolutionNode = FALSE
	EndGlobalSection
EndGlobal
